# generated by rye
# use `rye lock` or `rye sync` to update this lockfile
#
# last locked with the following flags:
#   pre: false
#   features: []
#   all-features: false
#   with-sources: false
#   generate-hashes: false
#   universal: false

-e file:.
lark==1.2.2
    # via launch-inspector
packaging==24.1
    # via launch-inspector
pyyaml==6.0.2
    # via launch-inspector
